# This file is automatically @generated by Poetry and should not be changed by hand.

[[package]]
name = "pyxel"
version = "2.3.4"
description = "A retro game engine for Python"
category = "main"
optional = false
python-versions = ">=3.8"
files = [
    {file = "pyxel-2.3.4-cp38-abi3-macosx_10_12_x86_64.whl", hash = "sha256:d96d3053b2b032b3f5f5bd6af1b3e081b38e1e875335cdb661e6e13ffabe40f5"},
    {file = "pyxel-2.3.4-cp38-abi3-macosx_11_0_arm64.whl", hash = "sha256:d0e125200db0760c36640e311ba8e48d4cf78900cf4dbddfc9dccd6554da894c"},
    {file = "pyxel-2.3.4-cp38-abi3-manylinux_2_17_aarch64.manylinux2014_aarch64.whl", hash = "sha256:e8ae94aea59438fab5cf81398714a0bbae115397c438be6149f53dd85f6f1083"},
    {file = "pyxel-2.3.4-cp38-abi3-manylinux_2_17_armv7l.manylinux2014_armv7l.whl", hash = "sha256:2a108b10818dc9b2cef026b9f8b81e0b777504a7c41c714912edbc50cfb3e970"},
    {file = "pyxel-2.3.4-cp38-abi3-manylinux_2_17_i686.manylinux2014_i686.whl", hash = "sha256:97cdfa6db43ab585bd04b70dc4d2775f9d4695068dbc7b39aeaec3400cc03384"},
    {file = "pyxel-2.3.4-cp38-abi3-manylinux_2_17_x86_64.manylinux2014_x86_64.whl", hash = "sha256:13c4a7932ca8f4ea66f88eb8d9436ec85ce0293c095236b56598a5c751e0d53d"},
    {file = "pyxel-2.3.4-cp38-abi3-win32.whl", hash = "sha256:f8d08499b634554dd425539c000c68e89216e626ce928dfc3e67125e0b00f091"},
    {file = "pyxel-2.3.4-cp38-abi3-win_amd64.whl", hash = "sha256:8ef3dd63b50d0fa73c21b2652da76bff67d41aaa8c67d4125ccfb6049421dc20"},
]

[metadata]
lock-version = "2.0"
python-versions = "^3.10"
content-hash = "fddb389125fee47dd6c66aeb87ae287d4e31043f57348c68c073a24770f11cf9"
